
Microsoft Visual Studio Solution File, Format Version 12.00
# Visual Studio Version 16
VisualStudioVersion = 16.0.30413.136
MinimumVisualStudioVersion = 10.0.40219.1
Project("{FAE04EC0-301F-11D3-BF4B-00C04F79EFBC}") = "NetLua", "NetLua.csproj", "{C2A2E9F8-413F-4E7F-A70E-F38B816050A7}"
EndProject
Global
	GlobalSection(SolutionConfigurationPlatforms) = preSolution
		Debug|Any CPU = Debug|Any CPU
		Release|Any CPU = Release|Any CPU
	EndGlobalSection
	GlobalSection(ProjectConfigurationPlatforms) = postSolution
		{C2A2E9F8-413F-4E7F-A70E-F38B816050A7}.Debug|Any CPU.ActiveCfg = Debug|Any CPU
		{C2A2E9F8-413F-4E7F-A70E-F38B816050A7}.Debug|Any CPU.Build.0 = Debug|Any CPU
		{C2A2E9F8-413F-4E7F-A70E-F38B816050A7}.Release|Any CPU.ActiveCfg = Release|Any CPU
		{C2A2E9F8-413F-4E7F-A70E-F38B816050A7}.Release|Any CPU.Build.0 = Release|Any CPU
	EndGlobalSection
	GlobalSection(SolutionProperties) = preSolution
		HideSolutionNode = FALSE
	EndGlobalSection
	GlobalSection(ExtensibilityGlobals) = postSolution
		SolutionGuid = {BA8D9353-5FDA-45D8-85EB-99BAA8938748}
	EndGlobalSection
EndGlobal
